<?xml version="1.0" encoding="utf-8"?>
<Project ToolsVersion="4.0" xmlns="http://schemas.microsoft.com/developer/msbuild/2003">
  <ItemGroup>
    <Filter Include="LightEngine">
      <UniqueIdentifier>{135B6D8E-7F10-E683-0805-E05A74B9DC87}</UniqueIdentifier>
    </Filter>
    <Filter Include="LightEngine\Events">
      <UniqueIdentifier>{9773D12C-8357-9282-ECB7-8CD5D8BA7C04}</UniqueIdentifier>
    </Filter>
  </ItemGroup>
  <ItemGroup>
    <ClInclude Include="src\LightEngine.h" />
    <ClInclude Include="src\LightEngine\Application.h">
      <Filter>LightEngine</Filter>
    </ClInclude>
    <ClInclude Include="src\LightEngine\Core.h">
      <Filter>LightEngine</Filter>
    </ClInclude>
    <ClInclude Include="src\LightEngine\EntryPoint.h">
      <Filter>LightEngine</Filter>
    </ClInclude>
    <ClInclude Include="src\LightEngine\Events\ApplicationEvent.h">
      <Filter>LightEngine\Events</Filter>
    </ClInclude>
    <ClInclude Include="src\LightEngine\Events\Event.h">
      <Filter>LightEngine\Events</Filter>
    </ClInclude>
    <ClInclude Include="src\LightEngine\Events\KeyEvent.h">
      <Filter>LightEngine\Events</Filter>
    </ClInclude>
    <ClInclude Include="src\LightEngine\Events\MouseEvent.h">
      <Filter>LightEngine\Events</Filter>
    </ClInclude>
    <ClInclude Include="src\LightEngine\Log.h">
      <Filter>LightEngine</Filter>
    </ClInclude>
  </ItemGroup>
  <ItemGroup>
    <ClCompile Include="src\LightEngine\Application.cpp">
      <Filter>LightEngine</Filter>
    </ClCompile>
    <ClCompile Include="src\LightEngine\Log.cpp">
      <Filter>LightEngine</Filter>
    </ClCompile>
  </ItemGroup>
</Project>