<?xml version="1.0" encoding="utf-8"?>
<Project ToolsVersion="4.0" xmlns="http://schemas.microsoft.com/developer/msbuild/2003">
  <ItemGroup>
    <Filter Include="LightEngine">
      <UniqueIdentifier>{135B6D8E-7F10-E683-0805-E05A74B9DC87}</UniqueIdentifier>
    </Filter>
    <Filter Include="LightEngine\Events">
      <UniqueIdentifier>{9773D12C-8357-9282-ECB7-8CD5D8BA7C04}</UniqueIdentifier>
    </Filter>
    <Filter Include="LightEngine\ImGui">
      <UniqueIdentifier>{7D926009-E9A8-5E9F-3220-EAC09E752F27}</UniqueIdentifier>
    </Filter>
    <Filter Include="Platform">
      <UniqueIdentifier>{2AC788B4-1694-E3BF-3FAD-D1672BD9184E}</UniqueIdentifier>
    </Filter>
    <Filter Include="Platform\OpenGL">
      <UniqueIdentifier>{1E7D2C1D-8A08-9AE1-9319-1DD6FF23F6E1}</UniqueIdentifier>
    </Filter>
    <Filter Include="Platform\Windows">
      <UniqueIdentifier>{64FBD71A-50F4-F66C-7926-DCF1657ED678}</UniqueIdentifier>
    </Filter>
  </ItemGroup>
  <ItemGroup>
    <ClInclude Include="src\LightEngine.h" />
    <ClInclude Include="src\LightEngine\Application.h">
      <Filter>LightEngine</Filter>
    </ClInclude>
    <ClInclude Include="src\LightEngine\Core.h">
      <Filter>LightEngine</Filter>
    </ClInclude>
    <ClInclude Include="src\LightEngine\EntryPoint.h">
      <Filter>LightEngine</Filter>
    </ClInclude>
    <ClInclude Include="src\LightEngine\Events\ApplicationEvent.h">
      <Filter>LightEngine\Events</Filter>
    </ClInclude>
    <ClInclude Include="src\LightEngine\Events\Event.h">
      <Filter>LightEngine\Events</Filter>
    </ClInclude>
    <ClInclude Include="src\LightEngine\Events\KeyEvent.h">
      <Filter>LightEngine\Events</Filter>
    </ClInclude>
    <ClInclude Include="src\LightEngine\Events\MouseEvent.h">
      <Filter>LightEngine\Events</Filter>
    </ClInclude>
    <ClInclude Include="src\LightEngine\ImGui\ImGuiLayer.h">
      <Filter>LightEngine\ImGui</Filter>
    </ClInclude>
    <ClInclude Include="src\LightEngine\Layer.h">
      <Filter>LightEngine</Filter>
    </ClInclude>
    <ClInclude Include="src\LightEngine\LayerStack.h">
      <Filter>LightEngine</Filter>
    </ClInclude>
    <ClInclude Include="src\LightEngine\Log.h">
      <Filter>LightEngine</Filter>
    </ClInclude>
    <ClInclude Include="src\LightEngine\Window.h">
      <Filter>LightEngine</Filter>
    </ClInclude>
    <ClInclude Include="src\Platform\OpenGL\ImGuiOpenGLRenderer.h">
      <Filter>Platform\OpenGL</Filter>
    </ClInclude>
    <ClInclude Include="src\Platform\Windows\WindowsWindow.h">
      <Filter>Platform\Windows</Filter>
    </ClInclude>
    <ClInclude Include="src\lepch.h" />
    <ClInclude Include="src\LightEngine\Input.h" />
    <ClInclude Include="src\Platform\Windows\WindowsInput.h" />
    <ClInclude Include="src\LightEngine\KeyCodes.h" />
    <ClInclude Include="src\LightEngine\MouseButtonCodes.h" />
  </ItemGroup>
  <ItemGroup>
    <ClCompile Include="src\LightEngine\Application.cpp">
      <Filter>LightEngine</Filter>
    </ClCompile>
    <ClCompile Include="src\LightEngine\ImGui\ImGuiLayer.cpp">
      <Filter>LightEngine\ImGui</Filter>
    </ClCompile>
    <ClCompile Include="src\LightEngine\Layer.cpp">
      <Filter>LightEngine</Filter>
    </ClCompile>
    <ClCompile Include="src\LightEngine\LayerStack.cpp">
      <Filter>LightEngine</Filter>
    </ClCompile>
    <ClCompile Include="src\LightEngine\Log.cpp">
      <Filter>LightEngine</Filter>
    </ClCompile>
    <ClCompile Include="src\Platform\OpenGL\ImGuiOpenGLRenderer.cpp">
      <Filter>Platform\OpenGL</Filter>
    </ClCompile>
    <ClCompile Include="src\Platform\Windows\WindowsWindow.cpp">
      <Filter>Platform\Windows</Filter>
    </ClCompile>
    <ClCompile Include="src\lepch.cpp" />
    <ClCompile Include="src\Platform\Windows\WindowsInput.cpp" />
  </ItemGroup>
</Project>